
Microsoft Visual Studio Solution File, Format Version 12.00
# Visual Studio Version 17
VisualStudioVersion = 17.4.32912.340
MinimumVisualStudioVersion = 10.0.40219.1
Project("{2150E333-8FDC-42A3-9474-1A3956D46DE8}") = "Solution Items", "Solution Items", "{45B7FE2F-D457-4125-A48C-7747D9307ED4}"
	ProjectSection(SolutionItems) = preProject
		global.json = global.json
		Directory.Build.props = Directory.Build.props
		CodeAnalysis.src.globalconfig = CodeAnalysis.src.globalconfig
		CodeAnalysis.test.globalconfig = CodeAnalysis.test.globalconfig
		.editorconfig = .editorconfig
	EndProjectSection
EndProject
Project("{9A19103F-16F7-4668-BE54-9A1E7A4F7556}") = "DiCor", "DiCor\DiCor.csproj", "{4633C53E-BFF7-49EE-AD7C-31BD08BE5E2D}"
EndProject
Project("{9A19103F-16F7-4668-BE54-9A1E7A4F7556}") = "DiCor.Test", "DiCor.Test\DiCor.Test.csproj", "{4C48CC1F-1E2A-4683-B58D-B16151199411}"
EndProject
Project("{9A19103F-16F7-4668-BE54-9A1E7A4F7556}") = "DiCor.ClientApp", "DiCor.ClientApp\DiCor.ClientApp.csproj", "{679AD8E4-4A01-4F91-8468-07B25A6F5E78}"
EndProject
Project("{9A19103F-16F7-4668-BE54-9A1E7A4F7556}") = "DiCor.Performance", "DiCor.Performance\DiCor.Performance.csproj", "{D3F283CF-4D86-4518-ABF5-7A5336499E02}"
EndProject
Project("{9A19103F-16F7-4668-BE54-9A1E7A4F7556}") = "DiCor.Generator", "DiCor.Generator\DiCor.Generator.csproj", "{66CD12A9-0D59-4127-B46F-9CE01E8591F6}"
EndProject
Project("{9A19103F-16F7-4668-BE54-9A1E7A4F7556}") = "DiCor.Generated", "DiCor.Generated\DiCor.Generated.csproj", "{8136F649-A290-475F-B74A-1A9DE38E20AB}"
EndProject
Global
	GlobalSection(SolutionConfigurationPlatforms) = preSolution
		Debug|Any CPU = Debug|Any CPU
		Release|Any CPU = Release|Any CPU
	EndGlobalSection
	GlobalSection(ProjectConfigurationPlatforms) = postSolution
		{4633C53E-BFF7-49EE-AD7C-31BD08BE5E2D}.Debug|Any CPU.ActiveCfg = Debug|Any CPU
		{4633C53E-BFF7-49EE-AD7C-31BD08BE5E2D}.Debug|Any CPU.Build.0 = Debug|Any CPU
		{4633C53E-BFF7-49EE-AD7C-31BD08BE5E2D}.Release|Any CPU.ActiveCfg = Release|Any CPU
		{4633C53E-BFF7-49EE-AD7C-31BD08BE5E2D}.Release|Any CPU.Build.0 = Release|Any CPU
		{4C48CC1F-1E2A-4683-B58D-B16151199411}.Debug|Any CPU.ActiveCfg = Debug|Any CPU
		{4C48CC1F-1E2A-4683-B58D-B16151199411}.Debug|Any CPU.Build.0 = Debug|Any CPU
		{4C48CC1F-1E2A-4683-B58D-B16151199411}.Release|Any CPU.ActiveCfg = Release|Any CPU
		{4C48CC1F-1E2A-4683-B58D-B16151199411}.Release|Any CPU.Build.0 = Release|Any CPU
		{679AD8E4-4A01-4F91-8468-07B25A6F5E78}.Debug|Any CPU.ActiveCfg = Debug|Any CPU
		{679AD8E4-4A01-4F91-8468-07B25A6F5E78}.Debug|Any CPU.Build.0 = Debug|Any CPU
		{679AD8E4-4A01-4F91-8468-07B25A6F5E78}.Release|Any CPU.ActiveCfg = Release|Any CPU
		{679AD8E4-4A01-4F91-8468-07B25A6F5E78}.Release|Any CPU.Build.0 = Release|Any CPU
		{D3F283CF-4D86-4518-ABF5-7A5336499E02}.Debug|Any CPU.ActiveCfg = Debug|Any CPU
		{D3F283CF-4D86-4518-ABF5-7A5336499E02}.Debug|Any CPU.Build.0 = Debug|Any CPU
		{D3F283CF-4D86-4518-ABF5-7A5336499E02}.Release|Any CPU.ActiveCfg = Release|Any CPU
		{D3F283CF-4D86-4518-ABF5-7A5336499E02}.Release|Any CPU.Build.0 = Release|Any CPU
		{66CD12A9-0D59-4127-B46F-9CE01E8591F6}.Debug|Any CPU.ActiveCfg = Release|Any CPU
		{66CD12A9-0D59-4127-B46F-9CE01E8591F6}.Debug|Any CPU.Build.0 = Release|Any CPU
		{66CD12A9-0D59-4127-B46F-9CE01E8591F6}.Release|Any CPU.ActiveCfg = Release|Any CPU
		{66CD12A9-0D59-4127-B46F-9CE01E8591F6}.Release|Any CPU.Build.0 = Release|Any CPU
		{8136F649-A290-475F-B74A-1A9DE38E20AB}.Debug|Any CPU.ActiveCfg = Debug|Any CPU
		{8136F649-A290-475F-B74A-1A9DE38E20AB}.Debug|Any CPU.Build.0 = Debug|Any CPU
		{8136F649-A290-475F-B74A-1A9DE38E20AB}.Release|Any CPU.ActiveCfg = Release|Any CPU
		{8136F649-A290-475F-B74A-1A9DE38E20AB}.Release|Any CPU.Build.0 = Release|Any CPU
	EndGlobalSection
	GlobalSection(SolutionProperties) = preSolution
		HideSolutionNode = FALSE
	EndGlobalSection
	GlobalSection(ExtensibilityGlobals) = postSolution
		SolutionGuid = {C1AD59E3-9968-48D9-8B3D-C20065FD1967}
	EndGlobalSection
EndGlobal
